
Microsoft Visual Studio Solution File, Format Version 12.00
# Visual Studio Version 16
VisualStudioVersion = 16.0.30114.128
MinimumVisualStudioVersion = 10.0.40219.1
Project("{FAE04EC0-301F-11D3-BF4B-00C04F79EFBC}") = "Matrix Of Fate Mobile.UWP", "Matrix Of Fate Mobile\Matrix Of Fate Mobile.UWP\Matrix Of Fate Mobile.UWP.csproj", "{656A518F-2C84-406F-9DE2-33BB12B9757D}"
EndProject
Project("{FAE04EC0-301F-11D3-BF4B-00C04F79EFBC}") = "Matrix Of Fate Mobile.Android", "Matrix Of Fate Mobile\Matrix Of Fate Mobile.Android\Matrix Of Fate Mobile.Android.csproj", "{1A19946E-C01A-4370-ADED-3E0B42D39CA1}"
EndProject
Project("{FAE04EC0-301F-11D3-BF4B-00C04F79EFBC}") = "Matrix Of Fate Mobile.iOS", "Matrix Of Fate Mobile\Matrix Of Fate Mobile.iOS\Matrix Of Fate Mobile.iOS.csproj", "{E2920C81-82BC-4F07-B174-B457306840F8}"
EndProject
Project("{FAE04EC0-301F-11D3-BF4B-00C04F79EFBC}") = "Matrix Of Fate Mobile", "Matrix Of Fate Mobile\Matrix Of Fate Mobile\Matrix Of Fate Mobile.csproj", "{047FB600-9232-4CCA-9B40-F2B97E5855F6}"
EndProject
Global
	GlobalSection(SolutionConfigurationPlatforms) = preSolution
		Debug|Any CPU = Debug|Any CPU
		Debug|ARM = Debug|ARM
		Debug|iPhone = Debug|iPhone
		Debug|iPhoneSimulator = Debug|iPhoneSimulator
		Debug|x64 = Debug|x64
		Debug|x86 = Debug|x86
		Release|Any CPU = Release|Any CPU
		Release|ARM = Release|ARM
		Release|iPhone = Release|iPhone
		Release|iPhoneSimulator = Release|iPhoneSimulator
		Release|x64 = Release|x64
		Release|x86 = Release|x86
	EndGlobalSection
	GlobalSection(ProjectConfigurationPlatforms) = postSolution
		{656A518F-2C84-406F-9DE2-33BB12B9757D}.Debug|Any CPU.ActiveCfg = Debug|x86
		{656A518F-2C84-406F-9DE2-33BB12B9757D}.Debug|Any CPU.Build.0 = Debug|x86
		{656A518F-2C84-406F-9DE2-33BB12B9757D}.Debug|Any CPU.Deploy.0 = Debug|x86
		{656A518F-2C84-406F-9DE2-33BB12B9757D}.Debug|ARM.ActiveCfg = Debug|ARM
		{656A518F-2C84-406F-9DE2-33BB12B9757D}.Debug|ARM.Build.0 = Debug|ARM
		{656A518F-2C84-406F-9DE2-33BB12B9757D}.Debug|ARM.Deploy.0 = Debug|ARM
		{656A518F-2C84-406F-9DE2-33BB12B9757D}.Debug|iPhone.ActiveCfg = Debug|x86
		{656A518F-2C84-406F-9DE2-33BB12B9757D}.Debug|iPhone.Build.0 = Debug|x86
		{656A518F-2C84-406F-9DE2-33BB12B9757D}.Debug|iPhone.Deploy.0 = Debug|x86
		{656A518F-2C84-406F-9DE2-33BB12B9757D}.Debug|iPhoneSimulator.ActiveCfg = Debug|x86
		{656A518F-2C84-406F-9DE2-33BB12B9757D}.Debug|iPhoneSimulator.Build.0 = Debug|x86
		{656A518F-2C84-406F-9DE2-33BB12B9757D}.Debug|iPhoneSimulator.Deploy.0 = Debug|x86
		{656A518F-2C84-406F-9DE2-33BB12B9757D}.Debug|x64.ActiveCfg = Debug|x64
		{656A518F-2C84-406F-9DE2-33BB12B9757D}.Debug|x64.Build.0 = Debug|x64
		{656A518F-2C84-406F-9DE2-33BB12B9757D}.Debug|x64.Deploy.0 = Debug|x64
		{656A518F-2C84-406F-9DE2-33BB12B9757D}.Debug|x86.ActiveCfg = Debug|x86
		{656A518F-2C84-406F-9DE2-33BB12B9757D}.Debug|x86.Build.0 = Debug|x86
		{656A518F-2C84-406F-9DE2-33BB12B9757D}.Debug|x86.Deploy.0 = Debug|x86
		{656A518F-2C84-406F-9DE2-33BB12B9757D}.Release|Any CPU.ActiveCfg = Release|x86
		{656A518F-2C84-406F-9DE2-33BB12B9757D}.Release|Any CPU.Build.0 = Release|x86
		{656A518F-2C84-406F-9DE2-33BB12B9757D}.Release|Any CPU.Deploy.0 = Release|x86
		{656A518F-2C84-406F-9DE2-33BB12B9757D}.Release|ARM.ActiveCfg = Release|ARM
		{656A518F-2C84-406F-9DE2-33BB12B9757D}.Release|ARM.Build.0 = Release|ARM
		{656A518F-2C84-406F-9DE2-33BB12B9757D}.Release|ARM.Deploy.0 = Release|ARM
		{656A518F-2C84-406F-9DE2-33BB12B9757D}.Release|iPhone.ActiveCfg = Release|x86
		{656A518F-2C84-406F-9DE2-33BB12B9757D}.Release|iPhone.Build.0 = Release|x86
		{656A518F-2C84-406F-9DE2-33BB12B9757D}.Release|iPhone.Deploy.0 = Release|x86
		{656A518F-2C84-406F-9DE2-33BB12B9757D}.Release|iPhoneSimulator.ActiveCfg = Release|x86
		{656A518F-2C84-406F-9DE2-33BB12B9757D}.Release|iPhoneSimulator.Build.0 = Release|x86
		{656A518F-2C84-406F-9DE2-33BB12B9757D}.Release|iPhoneSimulator.Deploy.0 = Release|x86
		{656A518F-2C84-406F-9DE2-33BB12B9757D}.Release|x64.ActiveCfg = Release|x64
		{656A518F-2C84-406F-9DE2-33BB12B9757D}.Release|x64.Build.0 = Release|x64
		{656A518F-2C84-406F-9DE2-33BB12B9757D}.Release|x64.Deploy.0 = Release|x64
		{656A518F-2C84-406F-9DE2-33BB12B9757D}.Release|x86.ActiveCfg = Release|x86
		{656A518F-2C84-406F-9DE2-33BB12B9757D}.Release|x86.Build.0 = Release|x86
		{656A518F-2C84-406F-9DE2-33BB12B9757D}.Release|x86.Deploy.0 = Release|x86
		{1A19946E-C01A-4370-ADED-3E0B42D39CA1}.Debug|Any CPU.ActiveCfg = Debug|Any CPU
		{1A19946E-C01A-4370-ADED-3E0B42D39CA1}.Debug|Any CPU.Build.0 = Debug|Any CPU
		{1A19946E-C01A-4370-ADED-3E0B42D39CA1}.Debug|Any CPU.Deploy.0 = Debug|Any CPU
		{1A19946E-C01A-4370-ADED-3E0B42D39CA1}.Debug|ARM.ActiveCfg = Debug|Any CPU
		{1A19946E-C01A-4370-ADED-3E0B42D39CA1}.Debug|ARM.Build.0 = Debug|Any CPU
		{1A19946E-C01A-4370-ADED-3E0B42D39CA1}.Debug|ARM.Deploy.0 = Debug|Any CPU
		{1A19946E-C01A-4370-ADED-3E0B42D39CA1}.Debug|iPhone.ActiveCfg = Debug|Any CPU
		{1A19946E-C01A-4370-ADED-3E0B42D39CA1}.Debug|iPhone.Build.0 = Debug|Any CPU
		{1A19946E-C01A-4370-ADED-3E0B42D39CA1}.Debug|iPhone.Deploy.0 = Debug|Any CPU
		{1A19946E-C01A-4370-ADED-3E0B42D39CA1}.Debug|iPhoneSimulator.ActiveCfg = Debug|Any CPU
		{1A19946E-C01A-4370-ADED-3E0B42D39CA1}.Debug|iPhoneSimulator.Build.0 = Debug|Any CPU
		{1A19946E-C01A-4370-ADED-3E0B42D39CA1}.Debug|iPhoneSimulator.Deploy.0 = Debug|Any CPU
		{1A19946E-C01A-4370-ADED-3E0B42D39CA1}.Debug|x64.ActiveCfg = Debug|Any CPU
		{1A19946E-C01A-4370-ADED-3E0B42D39CA1}.Debug|x64.Build.0 = Debug|Any CPU
		{1A19946E-C01A-4370-ADED-3E0B42D39CA1}.Debug|x64.Deploy.0 = Debug|Any CPU
		{1A19946E-C01A-4370-ADED-3E0B42D39CA1}.Debug|x86.ActiveCfg = Debug|Any CPU
		{1A19946E-C01A-4370-ADED-3E0B42D39CA1}.Debug|x86.Build.0 = Debug|Any CPU
		{1A19946E-C01A-4370-ADED-3E0B42D39CA1}.Debug|x86.Deploy.0 = Debug|Any CPU
		{1A19946E-C01A-4370-ADED-3E0B42D39CA1}.Release|Any CPU.ActiveCfg = Release|Any CPU
		{1A19946E-C01A-4370-ADED-3E0B42D39CA1}.Release|Any CPU.Build.0 = Release|Any CPU
		{1A19946E-C01A-4370-ADED-3E0B42D39CA1}.Release|Any CPU.Deploy.0 = Release|Any CPU
		{1A19946E-C01A-4370-ADED-3E0B42D39CA1}.Release|ARM.ActiveCfg = Release|Any CPU
		{1A19946E-C01A-4370-ADED-3E0B42D39CA1}.Release|ARM.Build.0 = Release|Any CPU
		{1A19946E-C01A-4370-ADED-3E0B42D39CA1}.Release|ARM.Deploy.0 = Release|Any CPU
		{1A19946E-C01A-4370-ADED-3E0B42D39CA1}.Release|iPhone.ActiveCfg = Release|Any CPU
		{1A19946E-C01A-4370-ADED-3E0B42D39CA1}.Release|iPhone.Build.0 = Release|Any CPU
		{1A19946E-C01A-4370-ADED-3E0B42D39CA1}.Release|iPhone.Deploy.0 = Release|Any CPU
		{1A19946E-C01A-4370-ADED-3E0B42D39CA1}.Release|iPhoneSimulator.ActiveCfg = Release|Any CPU
		{1A19946E-C01A-4370-ADED-3E0B42D39CA1}.Release|iPhoneSimulator.Build.0 = Release|Any CPU
		{1A19946E-C01A-4370-ADED-3E0B42D39CA1}.Release|iPhoneSimulator.Deploy.0 = Release|Any CPU
		{1A19946E-C01A-4370-ADED-3E0B42D39CA1}.Release|x64.ActiveCfg = Release|Any CPU
		{1A19946E-C01A-4370-ADED-3E0B42D39CA1}.Release|x64.Build.0 = Release|Any CPU
		{1A19946E-C01A-4370-ADED-3E0B42D39CA1}.Release|x64.Deploy.0 = Release|Any CPU
		{1A19946E-C01A-4370-ADED-3E0B42D39CA1}.Release|x86.ActiveCfg = Release|Any CPU
		{1A19946E-C01A-4370-ADED-3E0B42D39CA1}.Release|x86.Build.0 = Release|Any CPU
		{1A19946E-C01A-4370-ADED-3E0B42D39CA1}.Release|x86.Deploy.0 = Release|Any CPU
		{E2920C81-82BC-4F07-B174-B457306840F8}.Debug|Any CPU.ActiveCfg = Debug|iPhone
		{E2920C81-82BC-4F07-B174-B457306840F8}.Debug|Any CPU.Build.0 = Debug|iPhone
		{E2920C81-82BC-4F07-B174-B457306840F8}.Debug|Any CPU.Deploy.0 = Debug|iPhone
		{E2920C81-82BC-4F07-B174-B457306840F8}.Debug|ARM.ActiveCfg = Debug|iPhone
		{E2920C81-82BC-4F07-B174-B457306840F8}.Debug|ARM.Build.0 = Debug|iPhone
		{E2920C81-82BC-4F07-B174-B457306840F8}.Debug|ARM.Deploy.0 = Debug|iPhone
		{E2920C81-82BC-4F07-B174-B457306840F8}.Debug|iPhone.ActiveCfg = Debug|iPhone
		{E2920C81-82BC-4F07-B174-B457306840F8}.Debug|iPhone.Build.0 = Debug|iPhone
		{E2920C81-82BC-4F07-B174-B457306840F8}.Debug|iPhone.Deploy.0 = Debug|iPhone
		{E2920C81-82BC-4F07-B174-B457306840F8}.Debug|iPhoneSimulator.ActiveCfg = Debug|iPhoneSimulator
		{E2920C81-82BC-4F07-B174-B457306840F8}.Debug|iPhoneSimulator.Build.0 = Debug|iPhoneSimulator
		{E2920C81-82BC-4F07-B174-B457306840F8}.Debug|iPhoneSimulator.Deploy.0 = Debug|iPhoneSimulator
		{E2920C81-82BC-4F07-B174-B457306840F8}.Debug|x64.ActiveCfg = Debug|iPhone
		{E2920C81-82BC-4F07-B174-B457306840F8}.Debug|x64.Build.0 = Debug|iPhone
		{E2920C81-82BC-4F07-B174-B457306840F8}.Debug|x64.Deploy.0 = Debug|iPhone
		{E2920C81-82BC-4F07-B174-B457306840F8}.Debug|x86.ActiveCfg = Debug|iPhone
		{E2920C81-82BC-4F07-B174-B457306840F8}.Debug|x86.Build.0 = Debug|iPhone
		{E2920C81-82BC-4F07-B174-B457306840F8}.Debug|x86.Deploy.0 = Debug|iPhone
		{E2920C81-82BC-4F07-B174-B457306840F8}.Release|Any CPU.ActiveCfg = Release|iPhone
		{E2920C81-82BC-4F07-B174-B457306840F8}.Release|Any CPU.Build.0 = Release|iPhone
		{E2920C81-82BC-4F07-B174-B457306840F8}.Release|Any CPU.Deploy.0 = Release|iPhone
		{E2920C81-82BC-4F07-B174-B457306840F8}.Release|ARM.ActiveCfg = Release|iPhone
		{E2920C81-82BC-4F07-B174-B457306840F8}.Release|ARM.Build.0 = Release|iPhone
		{E2920C81-82BC-4F07-B174-B457306840F8}.Release|ARM.Deploy.0 = Release|iPhone
		{E2920C81-82BC-4F07-B174-B457306840F8}.Release|iPhone.ActiveCfg = Release|iPhone
		{E2920C81-82BC-4F07-B174-B457306840F8}.Release|iPhone.Build.0 = Release|iPhone
		{E2920C81-82BC-4F07-B174-B457306840F8}.Release|iPhone.Deploy.0 = Release|iPhone
		{E2920C81-82BC-4F07-B174-B457306840F8}.Release|iPhoneSimulator.ActiveCfg = Release|iPhoneSimulator
		{E2920C81-82BC-4F07-B174-B457306840F8}.Release|iPhoneSimulator.Build.0 = Release|iPhoneSimulator
		{E2920C81-82BC-4F07-B174-B457306840F8}.Release|iPhoneSimulator.Deploy.0 = Release|iPhoneSimulator
		{E2920C81-82BC-4F07-B174-B457306840F8}.Release|x64.ActiveCfg = Release|iPhone
		{E2920C81-82BC-4F07-B174-B457306840F8}.Release|x64.Build.0 = Release|iPhone
		{E2920C81-82BC-4F07-B174-B457306840F8}.Release|x64.Deploy.0 = Release|iPhone
		{E2920C81-82BC-4F07-B174-B457306840F8}.Release|x86.ActiveCfg = Release|iPhone
		{E2920C81-82BC-4F07-B174-B457306840F8}.Release|x86.Build.0 = Release|iPhone
		{E2920C81-82BC-4F07-B174-B457306840F8}.Release|x86.Deploy.0 = Release|iPhone
		{047FB600-9232-4CCA-9B40-F2B97E5855F6}.Debug|Any CPU.ActiveCfg = Debug|Any CPU
		{047FB600-9232-4CCA-9B40-F2B97E5855F6}.Debug|Any CPU.Build.0 = Debug|Any CPU
		{047FB600-9232-4CCA-9B40-F2B97E5855F6}.Debug|Any CPU.Deploy.0 = Debug|Any CPU
		{047FB600-9232-4CCA-9B40-F2B97E5855F6}.Debug|ARM.ActiveCfg = Debug|Any CPU
		{047FB600-9232-4CCA-9B40-F2B97E5855F6}.Debug|ARM.Build.0 = Debug|Any CPU
		{047FB600-9232-4CCA-9B40-F2B97E5855F6}.Debug|ARM.Deploy.0 = Debug|Any CPU
		{047FB600-9232-4CCA-9B40-F2B97E5855F6}.Debug|iPhone.ActiveCfg = Debug|Any CPU
		{047FB600-9232-4CCA-9B40-F2B97E5855F6}.Debug|iPhone.Build.0 = Debug|Any CPU
		{047FB600-9232-4CCA-9B40-F2B97E5855F6}.Debug|iPhone.Deploy.0 = Debug|Any CPU
		{047FB600-9232-4CCA-9B40-F2B97E5855F6}.Debug|iPhoneSimulator.ActiveCfg = Debug|Any CPU
		{047FB600-9232-4CCA-9B40-F2B97E5855F6}.Debug|iPhoneSimulator.Build.0 = Debug|Any CPU
		{047FB600-9232-4CCA-9B40-F2B97E5855F6}.Debug|iPhoneSimulator.Deploy.0 = Debug|Any CPU
		{047FB600-9232-4CCA-9B40-F2B97E5855F6}.Debug|x64.ActiveCfg = Debug|Any CPU
		{047FB600-9232-4CCA-9B40-F2B97E5855F6}.Debug|x64.Build.0 = Debug|Any CPU
		{047FB600-9232-4CCA-9B40-F2B97E5855F6}.Debug|x64.Deploy.0 = Debug|Any CPU
		{047FB600-9232-4CCA-9B40-F2B97E5855F6}.Debug|x86.ActiveCfg = Debug|Any CPU
		{047FB600-9232-4CCA-9B40-F2B97E5855F6}.Debug|x86.Build.0 = Debug|Any CPU
		{047FB600-9232-4CCA-9B40-F2B97E5855F6}.Debug|x86.Deploy.0 = Debug|Any CPU
		{047FB600-9232-4CCA-9B40-F2B97E5855F6}.Release|Any CPU.ActiveCfg = Release|Any CPU
		{047FB600-9232-4CCA-9B40-F2B97E5855F6}.Release|Any CPU.Build.0 = Release|Any CPU
		{047FB600-9232-4CCA-9B40-F2B97E5855F6}.Release|Any CPU.Deploy.0 = Release|Any CPU
		{047FB600-9232-4CCA-9B40-F2B97E5855F6}.Release|ARM.ActiveCfg = Release|Any CPU
		{047FB600-9232-4CCA-9B40-F2B97E5855F6}.Release|ARM.Build.0 = Release|Any CPU
		{047FB600-9232-4CCA-9B40-F2B97E5855F6}.Release|ARM.Deploy.0 = Release|Any CPU
		{047FB600-9232-4CCA-9B40-F2B97E5855F6}.Release|iPhone.ActiveCfg = Release|Any CPU
		{047FB600-9232-4CCA-9B40-F2B97E5855F6}.Release|iPhone.Build.0 = Release|Any CPU
		{047FB600-9232-4CCA-9B40-F2B97E5855F6}.Release|iPhone.Deploy.0 = Release|Any CPU
		{047FB600-9232-4CCA-9B40-F2B97E5855F6}.Release|iPhoneSimulator.ActiveCfg = Release|Any CPU
		{047FB600-9232-4CCA-9B40-F2B97E5855F6}.Release|iPhoneSimulator.Build.0 = Release|Any CPU
		{047FB600-9232-4CCA-9B40-F2B97E5855F6}.Release|iPhoneSimulator.Deploy.0 = Release|Any CPU
		{047FB600-9232-4CCA-9B40-F2B97E5855F6}.Release|x64.ActiveCfg = Release|Any CPU
		{047FB600-9232-4CCA-9B40-F2B97E5855F6}.Release|x64.Build.0 = Release|Any CPU
		{047FB600-9232-4CCA-9B40-F2B97E5855F6}.Release|x64.Deploy.0 = Release|Any CPU
		{047FB600-9232-4CCA-9B40-F2B97E5855F6}.Release|x86.ActiveCfg = Release|Any CPU
		{047FB600-9232-4CCA-9B40-F2B97E5855F6}.Release|x86.Build.0 = Release|Any CPU
		{047FB600-9232-4CCA-9B40-F2B97E5855F6}.Release|x86.Deploy.0 = Release|Any CPU
	EndGlobalSection
	GlobalSection(SolutionProperties) = preSolution
		HideSolutionNode = FALSE
	EndGlobalSection
	GlobalSection(ExtensibilityGlobals) = postSolution
		SolutionGuid = {2AD63A88-448D-41BA-838B-731378E5C6CF}
	EndGlobalSection
EndGlobal
